
Microsoft Visual Studio Solution File, Format Version 12.00
# Visual Studio Version 17
VisualStudioVersion = 17.0.31903.59
MinimumVisualStudioVersion = 10.0.40219.1
Project("{FAE04EC0-301F-11D3-BF4B-00C04F79EFBC}") = "PoolTournamentManager", "PoolTournamentManager.csproj", "{2860A6BD-15F6-43F8-BF59-EF0FE6B9F36F}"
EndProject
Project("{FAE04EC0-301F-11D3-BF4B-00C04F79EFBC}") = "PoolTournamentManager.Tests", "..\PoolTournamentManager.Tests\PoolTournamentManager.Tests.csproj", "{1C345998-CBDB-4911-B55B-916319E35F5A}"
EndProject
Global
	GlobalSection(SolutionConfigurationPlatforms) = preSolution
		Debug|Any CPU = Debug|Any CPU
		Debug|x64 = Debug|x64
		Debug|x86 = Debug|x86
		Release|Any CPU = Release|Any CPU
		Release|x64 = Release|x64
		Release|x86 = Release|x86
	EndGlobalSection
	GlobalSection(ProjectConfigurationPlatforms) = postSolution
		{2860A6BD-15F6-43F8-BF59-EF0FE6B9F36F}.Debug|Any CPU.ActiveCfg = Debug|Any CPU
		{2860A6BD-15F6-43F8-BF59-EF0FE6B9F36F}.Debug|Any CPU.Build.0 = Debug|Any CPU
		{2860A6BD-15F6-43F8-BF59-EF0FE6B9F36F}.Debug|x64.ActiveCfg = Debug|Any CPU
		{2860A6BD-15F6-43F8-BF59-EF0FE6B9F36F}.Debug|x64.Build.0 = Debug|Any CPU
		{2860A6BD-15F6-43F8-BF59-EF0FE6B9F36F}.Debug|x86.ActiveCfg = Debug|Any CPU
		{2860A6BD-15F6-43F8-BF59-EF0FE6B9F36F}.Debug|x86.Build.0 = Debug|Any CPU
		{2860A6BD-15F6-43F8-BF59-EF0FE6B9F36F}.Release|Any CPU.ActiveCfg = Release|Any CPU
		{2860A6BD-15F6-43F8-BF59-EF0FE6B9F36F}.Release|Any CPU.Build.0 = Release|Any CPU
		{2860A6BD-15F6-43F8-BF59-EF0FE6B9F36F}.Release|x64.ActiveCfg = Release|Any CPU
		{2860A6BD-15F6-43F8-BF59-EF0FE6B9F36F}.Release|x64.Build.0 = Release|Any CPU
		{2860A6BD-15F6-43F8-BF59-EF0FE6B9F36F}.Release|x86.ActiveCfg = Release|Any CPU
		{2860A6BD-15F6-43F8-BF59-EF0FE6B9F36F}.Release|x86.Build.0 = Release|Any CPU
		{1C345998-CBDB-4911-B55B-916319E35F5A}.Debug|Any CPU.ActiveCfg = Debug|Any CPU
		{1C345998-CBDB-4911-B55B-916319E35F5A}.Debug|Any CPU.Build.0 = Debug|Any CPU
		{1C345998-CBDB-4911-B55B-916319E35F5A}.Debug|x64.ActiveCfg = Debug|Any CPU
		{1C345998-CBDB-4911-B55B-916319E35F5A}.Debug|x64.Build.0 = Debug|Any CPU
		{1C345998-CBDB-4911-B55B-916319E35F5A}.Debug|x86.ActiveCfg = Debug|Any CPU
		{1C345998-CBDB-4911-B55B-916319E35F5A}.Debug|x86.Build.0 = Debug|Any CPU
		{1C345998-CBDB-4911-B55B-916319E35F5A}.Release|Any CPU.ActiveCfg = Release|Any CPU
		{1C345998-CBDB-4911-B55B-916319E35F5A}.Release|Any CPU.Build.0 = Release|Any CPU
		{1C345998-CBDB-4911-B55B-916319E35F5A}.Release|x64.ActiveCfg = Release|Any CPU
		{1C345998-CBDB-4911-B55B-916319E35F5A}.Release|x64.Build.0 = Release|Any CPU
		{1C345998-CBDB-4911-B55B-916319E35F5A}.Release|x86.ActiveCfg = Release|Any CPU
		{1C345998-CBDB-4911-B55B-916319E35F5A}.Release|x86.Build.0 = Release|Any CPU
	EndGlobalSection
	GlobalSection(SolutionProperties) = preSolution
		HideSolutionNode = FALSE
	EndGlobalSection
EndGlobal
